{
  "requires": true,
  "lockfileVersion": 1,
  "dependencies": {
    "lodash.isplainobject": {
      "version": "4.0.6",
      "resolved": "https://registry.npmjs.org/lodash.isplainobject/-/lodash.isplainobject-4.0.6.tgz",
      "integrity": "sha1-fFJqUtibRcRcxpC4gWO+BJf1UMs=",
      "dev": true
    },
    "redux-mock-store": {
      "version": "1.5.3",
      "resolved": "https://registry.npmjs.org/redux-mock-store/-/redux-mock-store-1.5.3.tgz",
      "integrity": "sha512-ryhkkb/4D4CUGpAV2ln1GOY/uh51aczjcRz9k2L2bPx/Xja3c5pSGJJPyR25GNVRXtKIExScdAgFdiXp68GmJA==",
      "dev": true,
      "requires": {
        "lodash.isplainobject": "4.0.6"
      }
    }
  }
}
